
Microsoft Visual Studio Solution File, Format Version 12.00
# Visual Studio 2012
Project("{FAE04EC0-301F-11D3-BF4B-00C04F79EFBC}") = "CsQuery", "CsQuery\CsQuery.csproj", "{C38DFFE9-321B-4941-B031-29D718AB5C31}"
EndProject
Project("{2150E333-8FDC-42A3-9474-1A3956D46DE8}") = "Solution Items", "Solution Items", "{BE94EF7A-CD05-40ED-B94A-3C78F9A81C0A}"
	ProjectSection(SolutionItems) = preProject
		CsQuery.vsmdi = CsQuery.vsmdi
	EndProjectSection
EndProject
Project("{FAE04EC0-301F-11D3-BF4B-00C04F79EFBC}") = "Csquery.Tests", "CsQuery.Tests\Csquery.Tests.csproj", "{F8920741-0BB4-4939-A774-0F9059B2B7F0}"
EndProject
Project("{2150E333-8FDC-42A3-9474-1A3956D46DE8}") = ".nuget", ".nuget", "{2F9B2385-B8D2-4682-A76A-F308C3429A5E}"
	ProjectSection(SolutionItems) = preProject
		.nuget\packages.config = .nuget\packages.config
	EndProjectSection
EndProject
Global
	GlobalSection(TestCaseManagementSettings) = postSolution
		CategoryFile = CsQuery.vsmdi
	EndGlobalSection
	GlobalSection(SolutionConfigurationPlatforms) = preSolution
		Debug|Any CPU = Debug|Any CPU
		Debug|x64 = Debug|x64
		Release|Any CPU = Release|Any CPU
		Release|x64 = Release|x64
	EndGlobalSection
	GlobalSection(ProjectConfigurationPlatforms) = postSolution
		{C38DFFE9-321B-4941-B031-29D718AB5C31}.Debug|Any CPU.ActiveCfg = Debug|Any CPU
		{C38DFFE9-321B-4941-B031-29D718AB5C31}.Debug|Any CPU.Build.0 = Debug|Any CPU
		{C38DFFE9-321B-4941-B031-29D718AB5C31}.Debug|x64.ActiveCfg = Debug|x64
		{C38DFFE9-321B-4941-B031-29D718AB5C31}.Debug|x64.Build.0 = Debug|x64
		{C38DFFE9-321B-4941-B031-29D718AB5C31}.Release|Any CPU.ActiveCfg = Release|Any CPU
		{C38DFFE9-321B-4941-B031-29D718AB5C31}.Release|Any CPU.Build.0 = Release|Any CPU
		{C38DFFE9-321B-4941-B031-29D718AB5C31}.Release|x64.ActiveCfg = Release|x64
		{C38DFFE9-321B-4941-B031-29D718AB5C31}.Release|x64.Build.0 = Release|x64
		{F8920741-0BB4-4939-A774-0F9059B2B7F0}.Debug|Any CPU.ActiveCfg = Debug|Any CPU
		{F8920741-0BB4-4939-A774-0F9059B2B7F0}.Debug|Any CPU.Build.0 = Debug|Any CPU
		{F8920741-0BB4-4939-A774-0F9059B2B7F0}.Debug|x64.ActiveCfg = Debug|Any CPU
		{F8920741-0BB4-4939-A774-0F9059B2B7F0}.Release|Any CPU.ActiveCfg = Release|Any CPU
		{F8920741-0BB4-4939-A774-0F9059B2B7F0}.Release|Any CPU.Build.0 = Release|Any CPU
		{F8920741-0BB4-4939-A774-0F9059B2B7F0}.Release|x64.ActiveCfg = Release|Any CPU
	EndGlobalSection
	GlobalSection(SolutionProperties) = preSolution
		HideSolutionNode = FALSE
	EndGlobalSection
	GlobalSection(ExtensibilityGlobals) = postSolution
		BuildVersion_UpdateAssemblyVersion = False
		BuildVersion_AssemblyInfoFilename = 
		BuildVersion_UseGlobalSettings = False
		BuildVersion_BuildVersioningStyle = None.None.None.Increment
	EndGlobalSection
EndGlobal
