
Microsoft Visual Studio Solution File, Format Version 11.00
# Visual Studio 2010
Project("{FAE04EC0-301F-11D3-BF4B-00C04F79EFBC}") = "CsQuery.WebFormsApp", "CsQuery.WebFormsApp\CsQuery.WebFormsApp.csproj", "{F7B1D594-F7ED-4A98-9207-C01F65ED6AC7}"
EndProject
Global
	GlobalSection(SolutionConfigurationPlatforms) = preSolution
		Debug|Any CPU = Debug|Any CPU
		Release|Any CPU = Release|Any CPU
	EndGlobalSection
	GlobalSection(ProjectConfigurationPlatforms) = postSolution
		{F7B1D594-F7ED-4A98-9207-C01F65ED6AC7}.Debug|Any CPU.ActiveCfg = Debug|Any CPU
		{F7B1D594-F7ED-4A98-9207-C01F65ED6AC7}.Debug|Any CPU.Build.0 = Debug|Any CPU
		{F7B1D594-F7ED-4A98-9207-C01F65ED6AC7}.Release|Any CPU.ActiveCfg = Release|Any CPU
		{F7B1D594-F7ED-4A98-9207-C01F65ED6AC7}.Release|Any CPU.Build.0 = Release|Any CPU
	EndGlobalSection
	GlobalSection(SolutionProperties) = preSolution
		HideSolutionNode = FALSE
	EndGlobalSection
EndGlobal
